
Microsoft Visual Studio Solution File, Format Version 12.00
# Visual Studio 14
VisualStudioVersion = 14.0.23107.0
MinimumVisualStudioVersion = 10.0.40219.1
Project("{00D1A9C2-B5F0-4AF3-8072-F6C62B433612}") = "SchoolJournalDB", "SchoolJournalDB\SchoolJournalDB.sqlproj", "{B051011E-9F41-4FE9-899C-887C7CADC55B}"
EndProject
Project("{FAE04EC0-301F-11D3-BF4B-00C04F79EFBC}") = "ShoolJournal", "ShoolJournal\ShoolJournal.csproj", "{273A8296-61AC-44C6-9695-2648734A6EBA}"
EndProject
Global
	GlobalSection(SolutionConfigurationPlatforms) = preSolution
		Debug|Any CPU = Debug|Any CPU
		Release|Any CPU = Release|Any CPU
	EndGlobalSection
	GlobalSection(ProjectConfigurationPlatforms) = postSolution
		{B051011E-9F41-4FE9-899C-887C7CADC55B}.Debug|Any CPU.ActiveCfg = Debug|Any CPU
		{B051011E-9F41-4FE9-899C-887C7CADC55B}.Debug|Any CPU.Build.0 = Debug|Any CPU
		{B051011E-9F41-4FE9-899C-887C7CADC55B}.Debug|Any CPU.Deploy.0 = Debug|Any CPU
		{B051011E-9F41-4FE9-899C-887C7CADC55B}.Release|Any CPU.ActiveCfg = Release|Any CPU
		{B051011E-9F41-4FE9-899C-887C7CADC55B}.Release|Any CPU.Build.0 = Release|Any CPU
		{B051011E-9F41-4FE9-899C-887C7CADC55B}.Release|Any CPU.Deploy.0 = Release|Any CPU
		{273A8296-61AC-44C6-9695-2648734A6EBA}.Debug|Any CPU.ActiveCfg = Debug|Any CPU
		{273A8296-61AC-44C6-9695-2648734A6EBA}.Debug|Any CPU.Build.0 = Debug|Any CPU
		{273A8296-61AC-44C6-9695-2648734A6EBA}.Release|Any CPU.ActiveCfg = Release|Any CPU
		{273A8296-61AC-44C6-9695-2648734A6EBA}.Release|Any CPU.Build.0 = Release|Any CPU
	EndGlobalSection
	GlobalSection(SolutionProperties) = preSolution
		HideSolutionNode = FALSE
	EndGlobalSection
EndGlobal
